
Microsoft Visual Studio Solution File, Format Version 12.00
# Visual Studio Version 17
VisualStudioVersion = 17.10.35122.118
MinimumVisualStudioVersion = 10.0.40219.1
Project("{FAE04EC0-301F-11D3-BF4B-00C04F79EFBC}") = "Portafolio.web", "Portafolio.web\Portafolio.web.csproj", "{0E017B3E-2928-4362-B784-B553AECC7D7C}"
EndProject
Global
	GlobalSection(SolutionConfigurationPlatforms) = preSolution
		Debug|Any CPU = Debug|Any CPU
		Release|Any CPU = Release|Any CPU
	EndGlobalSection
	GlobalSection(ProjectConfigurationPlatforms) = postSolution
		{0E017B3E-2928-4362-B784-B553AECC7D7C}.Debug|Any CPU.ActiveCfg = Debug|Any CPU
		{0E017B3E-2928-4362-B784-B553AECC7D7C}.Debug|Any CPU.Build.0 = Debug|Any CPU
		{0E017B3E-2928-4362-B784-B553AECC7D7C}.Release|Any CPU.ActiveCfg = Release|Any CPU
		{0E017B3E-2928-4362-B784-B553AECC7D7C}.Release|Any CPU.Build.0 = Release|Any CPU
	EndGlobalSection
	GlobalSection(SolutionProperties) = preSolution
		HideSolutionNode = FALSE
	EndGlobalSection
	GlobalSection(ExtensibilityGlobals) = postSolution
		SolutionGuid = {85D849E1-8AC3-4D83-9998-648A38C7384E}
	EndGlobalSection
EndGlobal
